
Microsoft Visual Studio Solution File, Format Version 12.00
# Visual Studio Version 17
VisualStudioVersion = 17.3.32819.101
MinimumVisualStudioVersion = 10.0.40219.1
Project("{FAE04EC0-301F-11D3-BF4B-00C04F79EFBC}") = "XamarinTest.Android", "XamarinTest\XamarinTest.Android\XamarinTest.Android.csproj", "{0DFB1744-D52F-4DD0-BF13-66DBF2B674C6}"
EndProject
Project("{FAE04EC0-301F-11D3-BF4B-00C04F79EFBC}") = "XamarinTest.iOS", "XamarinTest\XamarinTest.iOS\XamarinTest.iOS.csproj", "{AA74D910-C86E-4DEB-B453-BBE749CCADD9}"
EndProject
Project("{FAE04EC0-301F-11D3-BF4B-00C04F79EFBC}") = "XamarinTest", "XamarinTest\XamarinTest\XamarinTest.csproj", "{F3F6C1AC-DB58-4ED8-B44B-B3E7D8B22D7E}"
EndProject
Global
	GlobalSection(SolutionConfigurationPlatforms) = preSolution
		Debug|Any CPU = Debug|Any CPU
		Debug|iPhone = Debug|iPhone
		Debug|iPhoneSimulator = Debug|iPhoneSimulator
		Release|Any CPU = Release|Any CPU
		Release|iPhone = Release|iPhone
		Release|iPhoneSimulator = Release|iPhoneSimulator
	EndGlobalSection
	GlobalSection(ProjectConfigurationPlatforms) = postSolution
		{0DFB1744-D52F-4DD0-BF13-66DBF2B674C6}.Debug|Any CPU.ActiveCfg = Debug|Any CPU
		{0DFB1744-D52F-4DD0-BF13-66DBF2B674C6}.Debug|Any CPU.Build.0 = Debug|Any CPU
		{0DFB1744-D52F-4DD0-BF13-66DBF2B674C6}.Debug|Any CPU.Deploy.0 = Debug|Any CPU
		{0DFB1744-D52F-4DD0-BF13-66DBF2B674C6}.Debug|iPhone.ActiveCfg = Debug|Any CPU
		{0DFB1744-D52F-4DD0-BF13-66DBF2B674C6}.Debug|iPhone.Build.0 = Debug|Any CPU
		{0DFB1744-D52F-4DD0-BF13-66DBF2B674C6}.Debug|iPhone.Deploy.0 = Debug|Any CPU
		{0DFB1744-D52F-4DD0-BF13-66DBF2B674C6}.Debug|iPhoneSimulator.ActiveCfg = Debug|Any CPU
		{0DFB1744-D52F-4DD0-BF13-66DBF2B674C6}.Debug|iPhoneSimulator.Build.0 = Debug|Any CPU
		{0DFB1744-D52F-4DD0-BF13-66DBF2B674C6}.Debug|iPhoneSimulator.Deploy.0 = Debug|Any CPU
		{0DFB1744-D52F-4DD0-BF13-66DBF2B674C6}.Release|Any CPU.ActiveCfg = Release|Any CPU
		{0DFB1744-D52F-4DD0-BF13-66DBF2B674C6}.Release|Any CPU.Build.0 = Release|Any CPU
		{0DFB1744-D52F-4DD0-BF13-66DBF2B674C6}.Release|Any CPU.Deploy.0 = Release|Any CPU
		{0DFB1744-D52F-4DD0-BF13-66DBF2B674C6}.Release|iPhone.ActiveCfg = Release|Any CPU
		{0DFB1744-D52F-4DD0-BF13-66DBF2B674C6}.Release|iPhone.Build.0 = Release|Any CPU
		{0DFB1744-D52F-4DD0-BF13-66DBF2B674C6}.Release|iPhone.Deploy.0 = Release|Any CPU
		{0DFB1744-D52F-4DD0-BF13-66DBF2B674C6}.Release|iPhoneSimulator.ActiveCfg = Release|Any CPU
		{0DFB1744-D52F-4DD0-BF13-66DBF2B674C6}.Release|iPhoneSimulator.Build.0 = Release|Any CPU
		{0DFB1744-D52F-4DD0-BF13-66DBF2B674C6}.Release|iPhoneSimulator.Deploy.0 = Release|Any CPU
		{AA74D910-C86E-4DEB-B453-BBE749CCADD9}.Debug|Any CPU.ActiveCfg = Debug|iPhone
		{AA74D910-C86E-4DEB-B453-BBE749CCADD9}.Debug|Any CPU.Build.0 = Debug|iPhone
		{AA74D910-C86E-4DEB-B453-BBE749CCADD9}.Debug|Any CPU.Deploy.0 = Debug|iPhone
		{AA74D910-C86E-4DEB-B453-BBE749CCADD9}.Debug|iPhone.ActiveCfg = Debug|iPhone
		{AA74D910-C86E-4DEB-B453-BBE749CCADD9}.Debug|iPhone.Build.0 = Debug|iPhone
		{AA74D910-C86E-4DEB-B453-BBE749CCADD9}.Debug|iPhone.Deploy.0 = Debug|iPhone
		{AA74D910-C86E-4DEB-B453-BBE749CCADD9}.Debug|iPhoneSimulator.ActiveCfg = Debug|iPhoneSimulator
		{AA74D910-C86E-4DEB-B453-BBE749CCADD9}.Debug|iPhoneSimulator.Build.0 = Debug|iPhoneSimulator
		{AA74D910-C86E-4DEB-B453-BBE749CCADD9}.Debug|iPhoneSimulator.Deploy.0 = Debug|iPhoneSimulator
		{AA74D910-C86E-4DEB-B453-BBE749CCADD9}.Release|Any CPU.ActiveCfg = Release|iPhoneSimulator
		{AA74D910-C86E-4DEB-B453-BBE749CCADD9}.Release|Any CPU.Build.0 = Release|iPhoneSimulator
		{AA74D910-C86E-4DEB-B453-BBE749CCADD9}.Release|Any CPU.Deploy.0 = Release|iPhoneSimulator
		{AA74D910-C86E-4DEB-B453-BBE749CCADD9}.Release|iPhone.ActiveCfg = Release|iPhone
		{AA74D910-C86E-4DEB-B453-BBE749CCADD9}.Release|iPhone.Build.0 = Release|iPhone
		{AA74D910-C86E-4DEB-B453-BBE749CCADD9}.Release|iPhone.Deploy.0 = Release|iPhone
		{AA74D910-C86E-4DEB-B453-BBE749CCADD9}.Release|iPhoneSimulator.ActiveCfg = Release|iPhoneSimulator
		{AA74D910-C86E-4DEB-B453-BBE749CCADD9}.Release|iPhoneSimulator.Build.0 = Release|iPhoneSimulator
		{AA74D910-C86E-4DEB-B453-BBE749CCADD9}.Release|iPhoneSimulator.Deploy.0 = Release|iPhoneSimulator
		{F3F6C1AC-DB58-4ED8-B44B-B3E7D8B22D7E}.Debug|Any CPU.ActiveCfg = Debug|Any CPU
		{F3F6C1AC-DB58-4ED8-B44B-B3E7D8B22D7E}.Debug|Any CPU.Build.0 = Debug|Any CPU
		{F3F6C1AC-DB58-4ED8-B44B-B3E7D8B22D7E}.Debug|Any CPU.Deploy.0 = Debug|Any CPU
		{F3F6C1AC-DB58-4ED8-B44B-B3E7D8B22D7E}.Debug|iPhone.ActiveCfg = Debug|Any CPU
		{F3F6C1AC-DB58-4ED8-B44B-B3E7D8B22D7E}.Debug|iPhone.Build.0 = Debug|Any CPU
		{F3F6C1AC-DB58-4ED8-B44B-B3E7D8B22D7E}.Debug|iPhone.Deploy.0 = Debug|Any CPU
		{F3F6C1AC-DB58-4ED8-B44B-B3E7D8B22D7E}.Debug|iPhoneSimulator.ActiveCfg = Debug|Any CPU
		{F3F6C1AC-DB58-4ED8-B44B-B3E7D8B22D7E}.Debug|iPhoneSimulator.Build.0 = Debug|Any CPU
		{F3F6C1AC-DB58-4ED8-B44B-B3E7D8B22D7E}.Debug|iPhoneSimulator.Deploy.0 = Debug|Any CPU
		{F3F6C1AC-DB58-4ED8-B44B-B3E7D8B22D7E}.Release|Any CPU.ActiveCfg = Release|Any CPU
		{F3F6C1AC-DB58-4ED8-B44B-B3E7D8B22D7E}.Release|Any CPU.Build.0 = Release|Any CPU
		{F3F6C1AC-DB58-4ED8-B44B-B3E7D8B22D7E}.Release|Any CPU.Deploy.0 = Release|Any CPU
		{F3F6C1AC-DB58-4ED8-B44B-B3E7D8B22D7E}.Release|iPhone.ActiveCfg = Release|Any CPU
		{F3F6C1AC-DB58-4ED8-B44B-B3E7D8B22D7E}.Release|iPhone.Build.0 = Release|Any CPU
		{F3F6C1AC-DB58-4ED8-B44B-B3E7D8B22D7E}.Release|iPhone.Deploy.0 = Release|Any CPU
		{F3F6C1AC-DB58-4ED8-B44B-B3E7D8B22D7E}.Release|iPhoneSimulator.ActiveCfg = Release|Any CPU
		{F3F6C1AC-DB58-4ED8-B44B-B3E7D8B22D7E}.Release|iPhoneSimulator.Build.0 = Release|Any CPU
		{F3F6C1AC-DB58-4ED8-B44B-B3E7D8B22D7E}.Release|iPhoneSimulator.Deploy.0 = Release|Any CPU
	EndGlobalSection
	GlobalSection(SolutionProperties) = preSolution
		HideSolutionNode = FALSE
	EndGlobalSection
	GlobalSection(ExtensibilityGlobals) = postSolution
		SolutionGuid = {833B68E7-0495-4307-BAA3-070047816662}
	EndGlobalSection
EndGlobal
